// !$*UTF8*$!
{
	archiveVersion = 1;
	classes = {
	};
	objectVersion = 56;
	objects = {

/* Begin PBXBuildFile section */
		39B3ADA65263003064340DB4 /* Pods_Spilka.framework in Frameworks */ = {isa = PBXBuildFile; fileRef = 9DA28EF99D5584E15091AE5C /* Pods_Spilka.framework */; };
		49328AEF2AADDFB70019210F /* GoogleService-Info.plist in Resources */ = {isa = PBXBuildFile; fileRef = 49328AEE2AADDFB70019210F /* GoogleService-Info.plist */; };
		49328AF22AADE4AB0019210F /* CountryCode.swift in Sources */ = {isa = PBXBuildFile; fileRef = 49328AF12AADE4AB0019210F /* CountryCode.swift */; };
		49C37A0D2AADD32A00C4B769 /* SpilkaApp.swift in Sources */ = {isa = PBXBuildFile; fileRef = 49C37A0C2AADD32A00C4B769 /* SpilkaApp.swift */; };
		49C37A112AADD32C00C4B769 /* Assets.xcassets in Resources */ = {isa = PBXBuildFile; fileRef = 49C37A102AADD32C00C4B769 /* Assets.xcassets */; };
		49C37A142AADD32C00C4B769 /* Preview Assets.xcassets in Resources */ = {isa = PBXBuildFile; fileRef = 49C37A132AADD32C00C4B769 /* Preview Assets.xcassets */; };
		49C37A202AADD39D00C4B769 /* SignInScreen.swift in Sources */ = {isa = PBXBuildFile; fileRef = 49C37A1C2AADD39D00C4B769 /* SignInScreen.swift */; };
		49C37A212AADD39D00C4B769 /* WelcomeScreen.swift in Sources */ = {isa = PBXBuildFile; fileRef = 49C37A1D2AADD39D00C4B769 /* WelcomeScreen.swift */; };
		49C37A222AADD39D00C4B769 /* ContentView.swift in Sources */ = {isa = PBXBuildFile; fileRef = 49C37A1E2AADD39D00C4B769 /* ContentView.swift */; };
/* End PBXBuildFile section */

/* Begin PBXFileReference section */
		49328AED2AADDE050019210F /* Spilka.entitlements */ = {isa = PBXFileReference; lastKnownFileType = text.plist.entitlements; path = Spilka.entitlements; sourceTree = "<group>"; };
		49328AEE2AADDFB70019210F /* GoogleService-Info.plist */ = {isa = PBXFileReference; fileEncoding = 4; lastKnownFileType = text.plist.xml; path = "GoogleService-Info.plist"; sourceTree = "<group>"; };
		49328AF12AADE4AB0019210F /* CountryCode.swift */ = {isa = PBXFileReference; lastKnownFileType = sourcecode.swift; path = CountryCode.swift; sourceTree = "<group>"; };
		49C37A092AADD32A00C4B769 /* Spilka.app */ = {isa = PBXFileReference; explicitFileType = wrapper.application; includeInIndex = 0; path = Spilka.app; sourceTree = BUILT_PRODUCTS_DIR; };
		49C37A0C2AADD32A00C4B769 /* SpilkaApp.swift */ = {isa = PBXFileReference; lastKnownFileType = sourcecode.swift; path = SpilkaApp.swift; sourceTree = "<group>"; };
		49C37A102AADD32C00C4B769 /* Assets.xcassets */ = {isa = PBXFileReference; lastKnownFileType = folder.assetcatalog; path = Assets.xcassets; sourceTree = "<group>"; };
		49C37A132AADD32C00C4B769 /* Preview Assets.xcassets */ = {isa = PBXFileReference; lastKnownFileType = folder.assetcatalog; path = "Preview Assets.xcassets"; sourceTree = "<group>"; };
		49C37A1C2AADD39D00C4B769 /* SignInScreen.swift */ = {isa = PBXFileReference; fileEncoding = 4; lastKnownFileType = sourcecode.swift; path = SignInScreen.swift; sourceTree = "<group>"; };
		49C37A1D2AADD39D00C4B769 /* WelcomeScreen.swift */ = {isa = PBXFileReference; fileEncoding = 4; lastKnownFileType = sourcecode.swift; path = WelcomeScreen.swift; sourceTree = "<group>"; };
		49C37A1E2AADD39D00C4B769 /* ContentView.swift */ = {isa = PBXFileReference; fileEncoding = 4; lastKnownFileType = sourcecode.swift; path = ContentView.swift; sourceTree = "<group>"; };
		7C3D9C68C43BB635AEFC948E /* Pods-Spilka.release.xcconfig */ = {isa = PBXFileReference; includeInIndex = 1; lastKnownFileType = text.xcconfig; name = "Pods-Spilka.release.xcconfig"; path = "Target Support Files/Pods-Spilka/Pods-Spilka.release.xcconfig"; sourceTree = "<group>"; };
		9DA28EF99D5584E15091AE5C /* Pods_Spilka.framework */ = {isa = PBXFileReference; explicitFileType = wrapper.framework; includeInIndex = 0; path = Pods_Spilka.framework; sourceTree = BUILT_PRODUCTS_DIR; };
		F32DABFA99FD49F6CAFFD32E /* Pods-Spilka.debug.xcconfig */ = {isa = PBXFileReference; includeInIndex = 1; lastKnownFileType = text.xcconfig; name = "Pods-Spilka.debug.xcconfig"; path = "Target Support Files/Pods-Spilka/Pods-Spilka.debug.xcconfig"; sourceTree = "<group>"; };
/* End PBXFileReference section */

/* Begin PBXFrameworksBuildPhase section */
		49C37A062AADD32900C4B769 /* Frameworks */ = {
			isa = PBXFrameworksBuildPhase;
			buildActionMask = 2147483647;
			files = (
				39B3ADA65263003064340DB4 /* Pods_Spilka.framework in Frameworks */,
			);
			runOnlyForDeploymentPostprocessing = 0;
		};
/* End PBXFrameworksBuildPhase section */

/* Begin PBXGroup section */
		49328AF02AADE49A0019210F /* Models */ = {
			isa = PBXGroup;
			children = (
				49328AF12AADE4AB0019210F /* CountryCode.swift */,
			);
			path = Models;
			sourceTree = "<group>";
		};
		49C37A002AADD32900C4B769 = {
			isa = PBXGroup;
			children = (
				49C37A0B2AADD32A00C4B769 /* Spilka */,
				49C37A0A2AADD32A00C4B769 /* Products */,
				7005A4FEC0B9D51375B9FABB /* Pods */,
				C32CF8AD98A4F111D59D16D9 /* Frameworks */,
			);
			sourceTree = "<group>";
		};
		49C37A0A2AADD32A00C4B769 /* Products */ = {
			isa = PBXGroup;
			children = (
				49C37A092AADD32A00C4B769 /* Spilka.app */,
			);
			name = Products;
			sourceTree = "<group>";
		};
		49C37A0B2AADD32A00C4B769 /* Spilka */ = {
			isa = PBXGroup;
			children = (
				49328AEE2AADDFB70019210F /* GoogleService-Info.plist */,
				49328AED2AADDE050019210F /* Spilka.entitlements */,
				49328AF02AADE49A0019210F /* Models */,
				49C37A1A2AADD39D00C4B769 /* Views */,
				49C37A0C2AADD32A00C4B769 /* SpilkaApp.swift */,
				49C37A102AADD32C00C4B769 /* Assets.xcassets */,
				49C37A122AADD32C00C4B769 /* Preview Content */,
			);
			path = Spilka;
			sourceTree = "<group>";
		};
		49C37A122AADD32C00C4B769 /* Preview Content */ = {
			isa = PBXGroup;
			children = (
				49C37A132AADD32C00C4B769 /* Preview Assets.xcassets */,
			);
			path = "Preview Content";
			sourceTree = "<group>";
		};
		49C37A1A2AADD39D00C4B769 /* Views */ = {
			isa = PBXGroup;
			children = (
				49C37A1E2AADD39D00C4B769 /* ContentView.swift */,
				49C37A1C2AADD39D00C4B769 /* SignInScreen.swift */,
				49C37A1D2AADD39D00C4B769 /* WelcomeScreen.swift */,
			);
			path = Views;
			sourceTree = "<group>";
		};
		7005A4FEC0B9D51375B9FABB /* Pods */ = {
			isa = PBXGroup;
			children = (
				F32DABFA99FD49F6CAFFD32E /* Pods-Spilka.debug.xcconfig */,
				7C3D9C68C43BB635AEFC948E /* Pods-Spilka.release.xcconfig */,
			);
			path = Pods;
			sourceTree = "<group>";
		};
		C32CF8AD98A4F111D59D16D9 /* Frameworks */ = {
			isa = PBXGroup;
			children = (
				9DA28EF99D5584E15091AE5C /* Pods_Spilka.framework */,
			);
			name = Frameworks;
			sourceTree = "<group>";
		};
/* End PBXGroup section */

/* Begin PBXNativeTarget section */
		49C37A082AADD32900C4B769 /* Spilka */ = {
			isa = PBXNativeTarget;
			buildConfigurationList = 49C37A172AADD32C00C4B769 /* Build configuration list for PBXNativeTarget "Spilka" */;
			buildPhases = (
				102A3F95F291EE0231D8DBF2 /* [CP] Check Pods Manifest.lock */,
				49C37A052AADD32900C4B769 /* Sources */,
				49C37A062AADD32900C4B769 /* Frameworks */,
				49C37A072AADD32900C4B769 /* Resources */,
				5D6CA5B57B90771E0FC3CDFB /* [CP] Embed Pods Frameworks */,
			);
			buildRules = (
			);
			dependencies = (
			);
			name = Spilka;
			productName = Spilka;
			productReference = 49C37A092AADD32A00C4B769 /* Spilka.app */;
			productType = "com.apple.product-type.application";
		};
/* End PBXNativeTarget section */

/* Begin PBXProject section */
		49C37A012AADD32900C4B769 /* Project object */ = {
			isa = PBXProject;
			attributes = {
				BuildIndependentTargetsInParallel = 1;
				LastSwiftUpdateCheck = 1500;
				LastUpgradeCheck = 1500;
				TargetAttributes = {
					49C37A082AADD32900C4B769 = {
						CreatedOnToolsVersion = 15.0;
					};
				};
			};
			buildConfigurationList = 49C37A042AADD32900C4B769 /* Build configuration list for PBXProject "Spilka" */;
			compatibilityVersion = "Xcode 14.0";
			developmentRegion = en;
			hasScannedForEncodings = 0;
			knownRegions = (
				en,
				Base,
			);
			mainGroup = 49C37A002AADD32900C4B769;
			productRefGroup = 49C37A0A2AADD32A00C4B769 /* Products */;
			projectDirPath = "";
			projectRoot = "";
			targets = (
				49C37A082AADD32900C4B769 /* Spilka */,
			);
		};
/* End PBXProject section */

/* Begin PBXResourcesBuildPhase section */
		49C37A072AADD32900C4B769 /* Resources */ = {
			isa = PBXResourcesBuildPhase;
			buildActionMask = 2147483647;
			files = (
				49C37A142AADD32C00C4B769 /* Preview Assets.xcassets in Resources */,
				49C37A112AADD32C00C4B769 /* Assets.xcassets in Resources */,
				49328AEF2AADDFB70019210F /* GoogleService-Info.plist in Resources */,
			);
			runOnlyForDeploymentPostprocessing = 0;
		};
/* End PBXResourcesBuildPhase section */

/* Begin PBXShellScriptBuildPhase section */
		102A3F95F291EE0231D8DBF2 /* [CP] Check Pods Manifest.lock */ = {
			isa = PBXShellScriptBuildPhase;
			buildActionMask = 2147483647;
			files = (
			);
			inputFileListPaths = (
			);
			inputPaths = (
				"${PODS_PODFILE_DIR_PATH}/Podfile.lock",
				"${PODS_ROOT}/Manifest.lock",
			);
			name = "[CP] Check Pods Manifest.lock";
			outputFileListPaths = (
			);
			outputPaths = (
				"$(DERIVED_FILE_DIR)/Pods-Spilka-checkManifestLockResult.txt",
			);
			runOnlyForDeploymentPostprocessing = 0;
			shellPath = /bin/sh;
			shellScript = "diff \"${PODS_PODFILE_DIR_PATH}/Podfile.lock\" \"${PODS_ROOT}/Manifest.lock\" > /dev/null\nif [ $? != 0 ] ; then\n    # print error to STDERR\n    echo \"error: The sandbox is not in sync with the Podfile.lock. Run 'pod install' or update your CocoaPods installation.\" >&2\n    exit 1\nfi\n# This output is used by Xcode 'outputs' to avoid re-running this script phase.\necho \"SUCCESS\" > \"${SCRIPT_OUTPUT_FILE_0}\"\n";
			showEnvVarsInLog = 0;
		};
		5D6CA5B57B90771E0FC3CDFB /* [CP] Embed Pods Frameworks */ = {
			isa = PBXShellScriptBuildPhase;
			buildActionMask = 2147483647;
			files = (
			);
			inputFileListPaths = (
				"${PODS_ROOT}/Target Support Files/Pods-Spilka/Pods-Spilka-frameworks-${CONFIGURATION}-input-files.xcfilelist",
			);
			name = "[CP] Embed Pods Frameworks";
			outputFileListPaths = (
				"${PODS_ROOT}/Target Support Files/Pods-Spilka/Pods-Spilka-frameworks-${CONFIGURATION}-output-files.xcfilelist",
			);
			runOnlyForDeploymentPostprocessing = 0;
			shellPath = /bin/sh;
			shellScript = "\"${PODS_ROOT}/Target Support Files/Pods-Spilka/Pods-Spilka-frameworks.sh\"\n";
			showEnvVarsInLog = 0;
		};
/* End PBXShellScriptBuildPhase section */

/* Begin PBXSourcesBuildPhase section */
		49C37A052AADD32900C4B769 /* Sources */ = {
			isa = PBXSourcesBuildPhase;
			buildActionMask = 2147483647;
			files = (
				49C37A202AADD39D00C4B769 /* SignInScreen.swift in Sources */,
				49C37A222AADD39D00C4B769 /* ContentView.swift in Sources */,
				49328AF22AADE4AB0019210F /* CountryCode.swift in Sources */,
				49C37A212AADD39D00C4B769 /* WelcomeScreen.swift in Sources */,
				49C37A0D2AADD32A00C4B769 /* SpilkaApp.swift in Sources */,
			);
			runOnlyForDeploymentPostprocessing = 0;
		};
/* End PBXSourcesBuildPhase section */

/* Begin XCBuildConfiguration section */
		49C37A152AADD32C00C4B769 /* Debug */ = {
			isa = XCBuildConfiguration;
			buildSettings = {
				ALWAYS_SEARCH_USER_PATHS = NO;
				ASSETCATALOG_COMPILER_GENERATE_SWIFT_ASSET_SYMBOL_EXTENSIONS = YES;
				CLANG_ANALYZER_NONNULL = YES;
				CLANG_ANALYZER_NUMBER_OBJECT_CONVERSION = YES_AGGRESSIVE;
				CLANG_CXX_LANGUAGE_STANDARD = "gnu++20";
				CLANG_ENABLE_MODULES = YES;
				CLANG_ENABLE_OBJC_ARC = YES;
				CLANG_ENABLE_OBJC_WEAK = YES;
				CLANG_WARN_BLOCK_CAPTURE_AUTORELEASING = YES;
				CLANG_WARN_BOOL_CONVERSION = YES;
				CLANG_WARN_COMMA = YES;
				CLANG_WARN_CONSTANT_CONVERSION = YES;
				CLANG_WARN_DEPRECATED_OBJC_IMPLEMENTATIONS = YES;
				CLANG_WARN_DIRECT_OBJC_ISA_USAGE = YES_ERROR;
				CLANG_WARN_DOCUMENTATION_COMMENTS = YES;
				CLANG_WARN_EMPTY_BODY = YES;
				CLANG_WARN_ENUM_CONVERSION = YES;
				CLANG_WARN_INFINITE_RECURSION = YES;
				CLANG_WARN_INT_CONVERSION = YES;
				CLANG_WARN_NON_LITERAL_NULL_CONVERSION = YES;
				CLANG_WARN_OBJC_IMPLICIT_RETAIN_SELF = YES;
				CLANG_WARN_OBJC_LITERAL_CONVERSION = YES;
				CLANG_WARN_OBJC_ROOT_CLASS = YES_ERROR;
				CLANG_WARN_QUOTED_INCLUDE_IN_FRAMEWORK_HEADER = YES;
				CLANG_WARN_RANGE_LOOP_ANALYSIS = YES;
				CLANG_WARN_STRICT_PROTOTYPES = YES;
				CLANG_WARN_SUSPICIOUS_MOVE = YES;
				CLANG_WARN_UNGUARDED_AVAILABILITY = YES_AGGRESSIVE;
				CLANG_WARN_UNREACHABLE_CODE = YES;
				CLANG_WARN__DUPLICATE_METHOD_MATCH = YES;
				COPY_PHASE_STRIP = NO;
				DEBUG_INFORMATION_FORMAT = dwarf;
				ENABLE_STRICT_OBJC_MSGSEND = YES;
				ENABLE_TESTABILITY = YES;
				ENABLE_USER_SCRIPT_SANDBOXING = YES;
				GCC_C_LANGUAGE_STANDARD = gnu17;
				GCC_DYNAMIC_NO_PIC = NO;
				GCC_NO_COMMON_BLOCKS = YES;
				GCC_OPTIMIZATION_LEVEL = 0;
				GCC_PREPROCESSOR_DEFINITIONS = (
					"DEBUG=1",
					"$(inherited)",
				);
				GCC_WARN_64_TO_32_BIT_CONVERSION = YES;
				GCC_WARN_ABOUT_RETURN_TYPE = YES_ERROR;
				GCC_WARN_UNDECLARED_SELECTOR = YES;
				GCC_WARN_UNINITIALIZED_AUTOS = YES_AGGRESSIVE;
				GCC_WARN_UNUSED_FUNCTION = YES;
				GCC_WARN_UNUSED_VARIABLE = YES;
				IPHONEOS_DEPLOYMENT_TARGET = 17.0;
				LOCALIZATION_PREFERS_STRING_CATALOGS = YES;
				MTL_ENABLE_DEBUG_INFO = INCLUDE_SOURCE;
				MTL_FAST_MATH = YES;
				ONLY_ACTIVE_ARCH = YES;
				SDKROOT = iphoneos;
				SWIFT_ACTIVE_COMPILATION_CONDITIONS = "DEBUG $(inherited)";
				SWIFT_OPTIMIZATION_LEVEL = "-Onone";
			};
			name = Debug;
		};
		49C37A162AADD32C00C4B769 /* Release */ = {
			isa = XCBuildConfiguration;
			buildSettings = {
				ALWAYS_SEARCH_USER_PATHS = NO;
				ASSETCATALOG_COMPILER_GENERATE_SWIFT_ASSET_SYMBOL_EXTENSIONS = YES;
				CLANG_ANALYZER_NONNULL = YES;
				CLANG_ANALYZER_NUMBER_OBJECT_CONVERSION = YES_AGGRESSIVE;
				CLANG_CXX_LANGUAGE_STANDARD = "gnu++20";
				CLANG_ENABLE_MODULES = YES;
				CLANG_ENABLE_OBJC_ARC = YES;
				CLANG_ENABLE_OBJC_WEAK = YES;
				CLANG_WARN_BLOCK_CAPTURE_AUTORELEASING = YES;
				CLANG_WARN_BOOL_CONVERSION = YES;
				CLANG_WARN_COMMA = YES;
				CLANG_WARN_CONSTANT_CONVERSION = YES;
				CLANG_WARN_DEPRECATED_OBJC_IMPLEMENTATIONS = YES;
				CLANG_WARN_DIRECT_OBJC_ISA_USAGE = YES_ERROR;
				CLANG_WARN_DOCUMENTATION_COMMENTS = YES;
				CLANG_WARN_EMPTY_BODY = YES;
				CLANG_WARN_ENUM_CONVERSION = YES;
				CLANG_WARN_INFINITE_RECURSION = YES;
				CLANG_WARN_INT_CONVERSION = YES;
				CLANG_WARN_NON_LITERAL_NULL_CONVERSION = YES;
				CLANG_WARN_OBJC_IMPLICIT_RETAIN_SELF = YES;
				CLANG_WARN_OBJC_LITERAL_CONVERSION = YES;
				CLANG_WARN_OBJC_ROOT_CLASS = YES_ERROR;
				CLANG_WARN_QUOTED_INCLUDE_IN_FRAMEWORK_HEADER = YES;
				CLANG_WARN_RANGE_LOOP_ANALYSIS = YES;
				CLANG_WARN_STRICT_PROTOTYPES = YES;
				CLANG_WARN_SUSPICIOUS_MOVE = YES;
				CLANG_WARN_UNGUARDED_AVAILABILITY = YES_AGGRESSIVE;
				CLANG_WARN_UNREACHABLE_CODE = YES;
				CLANG_WARN__DUPLICATE_METHOD_MATCH = YES;
				COPY_PHASE_STRIP = NO;
				DEBUG_INFORMATION_FORMAT = "dwarf-with-dsym";
				ENABLE_NS_ASSERTIONS = NO;
				ENABLE_STRICT_OBJC_MSGSEND = YES;
				ENABLE_USER_SCRIPT_SANDBOXING = YES;
				GCC_C_LANGUAGE_STANDARD = gnu17;
				GCC_NO_COMMON_BLOCKS = YES;
				GCC_WARN_64_TO_32_BIT_CONVERSION = YES;
				GCC_WARN_ABOUT_RETURN_TYPE = YES_ERROR;
				GCC_WARN_UNDECLARED_SELECTOR = YES;
				GCC_WARN_UNINITIALIZED_AUTOS = YES_AGGRESSIVE;
				GCC_WARN_UNUSED_FUNCTION = YES;
				GCC_WARN_UNUSED_VARIABLE = YES;
				IPHONEOS_DEPLOYMENT_TARGET = 17.0;
				LOCALIZATION_PREFERS_STRING_CATALOGS = YES;
				MTL_ENABLE_DEBUG_INFO = NO;
				MTL_FAST_MATH = YES;
				SDKROOT = iphoneos;
				SWIFT_COMPILATION_MODE = wholemodule;
				VALIDATE_PRODUCT = YES;
			};
			name = Release;
		};
		49C37A182AADD32C00C4B769 /* Debug */ = {
			isa = XCBuildConfiguration;
			baseConfigurationReference = F32DABFA99FD49F6CAFFD32E /* Pods-Spilka.debug.xcconfig */;
			buildSettings = {
				ASSETCATALOG_COMPILER_APPICON_NAME = AppIcon;
				ASSETCATALOG_COMPILER_GLOBAL_ACCENT_COLOR_NAME = AccentColor;
				CODE_SIGN_ENTITLEMENTS = Spilka/Spilka.entitlements;
				CODE_SIGN_STYLE = Automatic;
				CURRENT_PROJECT_VERSION = 1;
				DEVELOPMENT_ASSET_PATHS = "\"Spilka/Preview Content\"";
				DEVELOPMENT_TEAM = G4PV26QJD2;
				ENABLE_PREVIEWS = YES;
				ENABLE_USER_SCRIPT_SANDBOXING = NO;
				GENERATE_INFOPLIST_FILE = YES;
				INFOPLIST_KEY_CFBundleDisplayName = Spikla;
				INFOPLIST_KEY_LSApplicationCategoryType = "public.app-category.social-networking";
				INFOPLIST_KEY_UIApplicationSceneManifest_Generation = YES;
				INFOPLIST_KEY_UIApplicationSupportsIndirectInputEvents = YES;
				INFOPLIST_KEY_UILaunchScreen_Generation = YES;
				INFOPLIST_KEY_UISupportedInterfaceOrientations_iPad = "UIInterfaceOrientationPortrait UIInterfaceOrientationPortraitUpsideDown UIInterfaceOrientationLandscapeLeft UIInterfaceOrientationLandscapeRight";
				INFOPLIST_KEY_UISupportedInterfaceOrientations_iPhone = "UIInterfaceOrientationPortrait UIInterfaceOrientationLandscapeLeft UIInterfaceOrientationLandscapeRight";
				LD_RUNPATH_SEARCH_PATHS = (
					"$(inherited)",
					"@executable_path/Frameworks",
				);
				MARKETING_VERSION = 0.1;
				PRODUCT_BUNDLE_IDENTIFIER = com.gruzinov.Spilka;
				PRODUCT_NAME = "$(TARGET_NAME)";
				SWIFT_EMIT_LOC_STRINGS = YES;
				SWIFT_VERSION = 5.0;
				TARGETED_DEVICE_FAMILY = "1,2";
			};
			name = Debug;
		};
		49C37A192AADD32C00C4B769 /* Release */ = {
			isa = XCBuildConfiguration;
			baseConfigurationReference = 7C3D9C68C43BB635AEFC948E /* Pods-Spilka.release.xcconfig */;
			buildSettings = {
				ASSETCATALOG_COMPILER_APPICON_NAME = AppIcon;
				ASSETCATALOG_COMPILER_GLOBAL_ACCENT_COLOR_NAME = AccentColor;
				CODE_SIGN_ENTITLEMENTS = Spilka/Spilka.entitlements;
				CODE_SIGN_STYLE = Automatic;
				CURRENT_PROJECT_VERSION = 1;
				DEVELOPMENT_ASSET_PATHS = "\"Spilka/Preview Content\"";
				DEVELOPMENT_TEAM = G4PV26QJD2;
				ENABLE_PREVIEWS = YES;
				ENABLE_USER_SCRIPT_SANDBOXING = NO;
				GENERATE_INFOPLIST_FILE = YES;
				INFOPLIST_KEY_CFBundleDisplayName = Spikla;
				INFOPLIST_KEY_LSApplicationCategoryType = "public.app-category.social-networking";
				INFOPLIST_KEY_UIApplicationSceneManifest_Generation = YES;
				INFOPLIST_KEY_UIApplicationSupportsIndirectInputEvents = YES;
				INFOPLIST_KEY_UILaunchScreen_Generation = YES;
				INFOPLIST_KEY_UISupportedInterfaceOrientations_iPad = "UIInterfaceOrientationPortrait UIInterfaceOrientationPortraitUpsideDown UIInterfaceOrientationLandscapeLeft UIInterfaceOrientationLandscapeRight";
				INFOPLIST_KEY_UISupportedInterfaceOrientations_iPhone = "UIInterfaceOrientationPortrait UIInterfaceOrientationLandscapeLeft UIInterfaceOrientationLandscapeRight";
				LD_RUNPATH_SEARCH_PATHS = (
					"$(inherited)",
					"@executable_path/Frameworks",
				);
				MARKETING_VERSION = 0.1;
				PRODUCT_BUNDLE_IDENTIFIER = com.gruzinov.Spilka;
				PRODUCT_NAME = "$(TARGET_NAME)";
				SWIFT_EMIT_LOC_STRINGS = YES;
				SWIFT_VERSION = 5.0;
				TARGETED_DEVICE_FAMILY = "1,2";
			};
			name = Release;
		};
/* End XCBuildConfiguration section */

/* Begin XCConfigurationList section */
		49C37A042AADD32900C4B769 /* Build configuration list for PBXProject "Spilka" */ = {
			isa = XCConfigurationList;
			buildConfigurations = (
				49C37A152AADD32C00C4B769 /* Debug */,
				49C37A162AADD32C00C4B769 /* Release */,
			);
			defaultConfigurationIsVisible = 0;
			defaultConfigurationName = Release;
		};
		49C37A172AADD32C00C4B769 /* Build configuration list for PBXNativeTarget "Spilka" */ = {
			isa = XCConfigurationList;
			buildConfigurations = (
				49C37A182AADD32C00C4B769 /* Debug */,
				49C37A192AADD32C00C4B769 /* Release */,
			);
			defaultConfigurationIsVisible = 0;
			defaultConfigurationName = Release;
		};
/* End XCConfigurationList section */
	};
	rootObject = 49C37A012AADD32900C4B769 /* Project object */;
}
