// !$*UTF8*$!
{
	archiveVersion = 1;
	classes = {
	};
	objectVersion = 56;
	objects = {

/* Begin PBXBuildFile section */
		490A32F02ACCB464001BA401 /* SignInWithApple.swift in Sources */ = {isa = PBXBuildFile; fileRef = 490A32EF2ACCB464001BA401 /* SignInWithApple.swift */; };
		4910E9792AD159BB00F2CA07 /* ChatLogViewModel.swift in Sources */ = {isa = PBXBuildFile; fileRef = 4910E9782AD159BB00F2CA07 /* ChatLogViewModel.swift */; };
		492214752AD05775005F2462 /* ErrorLogs.swift in Sources */ = {isa = PBXBuildFile; fileRef = 492214742AD05774005F2462 /* ErrorLogs.swift */; };
		492A927A2AD1ED9B00D50A74 /* CryptoSwift in Frameworks */ = {isa = PBXBuildFile; productRef = 492A92792AD1ED9B00D50A74 /* CryptoSwift */; };
		49328AF22AADE4AB0019210F /* CountryCode.swift in Sources */ = {isa = PBXBuildFile; fileRef = 49328AF12AADE4AB0019210F /* CountryCode.swift */; };
		4941B0B02AD356A3009C0613 /* PrivateKeysImportViewModel.swift in Sources */ = {isa = PBXBuildFile; fileRef = 4941B0AF2AD356A3009C0613 /* PrivateKeysImportViewModel.swift */; };
		495334592AAF6D6700135E6C /* GoogleService-Info.plist in Resources */ = {isa = PBXBuildFile; fileRef = 495334582AAF6D6700135E6C /* GoogleService-Info.plist */; };
		4959D3DD2ACF68B900C9471B /* FirebaseStorage in Frameworks */ = {isa = PBXBuildFile; productRef = 4959D3DC2ACF68B900C9471B /* FirebaseStorage */; };
		4973306F2ACEBF8200807B93 /* TestData.swift in Sources */ = {isa = PBXBuildFile; fileRef = 4973306E2ACEBF8200807B93 /* TestData.swift */; };
		497330712ACEDFF900807B93 /* ChatModel.swift in Sources */ = {isa = PBXBuildFile; fileRef = 497330702ACEDFF900807B93 /* ChatModel.swift */; };
		497330732ACEE02700807B93 /* MessageModel.swift in Sources */ = {isa = PBXBuildFile; fileRef = 497330722ACEE02700807B93 /* MessageModel.swift */; };
		497330752ACF08AB00807B93 /* ChatsListViewModel.swift in Sources */ = {isa = PBXBuildFile; fileRef = 497330742ACF08AA00807B93 /* ChatsListViewModel.swift */; };
		497330772ACF348500807B93 /* Date+String.swift in Sources */ = {isa = PBXBuildFile; fileRef = 497330762ACF348500807B93 /* Date+String.swift */; };
		498393DC2ACC2B7700DA9407 /* ImportKeyView.swift in Sources */ = {isa = PBXBuildFile; fileRef = 498393DB2ACC2B7700DA9407 /* ImportKeyView.swift */; };
		499EE09D2AAEFBCB00103033 /* CountryNumbers.json in Resources */ = {isa = PBXBuildFile; fileRef = 499EE09B2AAEFBCB00103033 /* CountryNumbers.json */; };
		499EE09E2AAEFBCB00103033 /* unusedCountryNumbers.json in Resources */ = {isa = PBXBuildFile; fileRef = 499EE09C2AAEFBCB00103033 /* unusedCountryNumbers.json */; };
		499EE0A12AAEFC0300103033 /* Bundle+Decoder.swift in Sources */ = {isa = PBXBuildFile; fileRef = 499EE0A02AAEFC0300103033 /* Bundle+Decoder.swift */; };
		49A051AC2AD065B500870D0E /* ChatLogView.swift in Sources */ = {isa = PBXBuildFile; fileRef = 49A051AB2AD065B500870D0E /* ChatLogView.swift */; };
		49A89D1F2ABCB5F000E56B15 /* FirebaseFirestore in Frameworks */ = {isa = PBXBuildFile; productRef = 49A89D1E2ABCB5F000E56B15 /* FirebaseFirestore */; };
		49A89D232ABCB6AA00E56B15 /* TestingView.swift in Sources */ = {isa = PBXBuildFile; fileRef = 49A89D222ABCB6AA00E56B15 /* TestingView.swift */; };
		49A89D252ABCBF7800E56B15 /* MainViewModel.swift in Sources */ = {isa = PBXBuildFile; fileRef = 49A89D242ABCBF7800E56B15 /* MainViewModel.swift */; };
		49A89D2B2ABCD83600E56B15 /* FirebaseFirestoreSwift in Frameworks */ = {isa = PBXBuildFile; productRef = 49A89D2A2ABCD83600E56B15 /* FirebaseFirestoreSwift */; };
		49B2ED172ACAD1DB00B04180 /* SaveKeyView.swift in Sources */ = {isa = PBXBuildFile; fileRef = 49B2ED162ACAD1DB00B04180 /* SaveKeyView.swift */; };
		49B2ED192ACAF39A00B04180 /* KeychainSwiftDistrib.swift in Sources */ = {isa = PBXBuildFile; fileRef = 49B2ED182ACAF39A00B04180 /* KeychainSwiftDistrib.swift */; };
		49B40E462AC1C062007F6992 /* Localizable.xcstrings in Resources */ = {isa = PBXBuildFile; fileRef = 49B40E452AC1C062007F6992 /* Localizable.xcstrings */; };
		49B4527D2ABB5FC100AA2A13 /* ProfileCreationViewModel.swift in Sources */ = {isa = PBXBuildFile; fileRef = 49B4527C2ABB5FC100AA2A13 /* ProfileCreationViewModel.swift */; };
		49B4527F2ABB60EC00AA2A13 /* CryptoKeys.swift in Sources */ = {isa = PBXBuildFile; fileRef = 49B4527E2ABB60EC00AA2A13 /* CryptoKeys.swift */; };
		49C37A0D2AADD32A00C4B769 /* SpilkaApp.swift in Sources */ = {isa = PBXBuildFile; fileRef = 49C37A0C2AADD32A00C4B769 /* SpilkaApp.swift */; };
		49C37A112AADD32C00C4B769 /* Assets.xcassets in Resources */ = {isa = PBXBuildFile; fileRef = 49C37A102AADD32C00C4B769 /* Assets.xcassets */; };
		49C37A142AADD32C00C4B769 /* Preview Assets.xcassets in Resources */ = {isa = PBXBuildFile; fileRef = 49C37A132AADD32C00C4B769 /* Preview Assets.xcassets */; };
		49C37A202AADD39D00C4B769 /* SignInScreenView.swift in Sources */ = {isa = PBXBuildFile; fileRef = 49C37A1C2AADD39D00C4B769 /* SignInScreenView.swift */; };
		49C37A212AADD39D00C4B769 /* WelcomeScreenView.swift in Sources */ = {isa = PBXBuildFile; fileRef = 49C37A1D2AADD39D00C4B769 /* WelcomeScreenView.swift */; };
		49C37A222AADD39D00C4B769 /* MainView.swift in Sources */ = {isa = PBXBuildFile; fileRef = 49C37A1E2AADD39D00C4B769 /* MainView.swift */; };
		49CD124B2AB8CCF700215EC6 /* SignInViewModel.swift in Sources */ = {isa = PBXBuildFile; fileRef = 49CD124A2AB8CCF700215EC6 /* SignInViewModel.swift */; };
		49D767032ABA575E00EB5AAE /* FirebaseAuth in Frameworks */ = {isa = PBXBuildFile; productRef = 49D767022ABA575E00EB5AAE /* FirebaseAuth */; };
		49DB00D02ACCF46E0060FF9A /* GoogleSignIn in Frameworks */ = {isa = PBXBuildFile; productRef = 49DB00CF2ACCF46E0060FF9A /* GoogleSignIn */; };
		49DB00D22ACCF46E0060FF9A /* GoogleSignInSwift in Frameworks */ = {isa = PBXBuildFile; productRef = 49DB00D12ACCF46E0060FF9A /* GoogleSignInSwift */; };
		49F1CF752AB9F87300C02569 /* EnterVerificationCodeView.swift in Sources */ = {isa = PBXBuildFile; fileRef = 49F1CF742AB9F87300C02569 /* EnterVerificationCodeView.swift */; };
		49F1CF792ABA2FBF00C02569 /* ProfileCreationView.swift in Sources */ = {isa = PBXBuildFile; fileRef = 49F1CF782ABA2FBF00C02569 /* ProfileCreationView.swift */; };
		49F4F9F62ACEA3F7002ABE33 /* ChatsListView.swift in Sources */ = {isa = PBXBuildFile; fileRef = 49F4F9F52ACEA3F7002ABE33 /* ChatsListView.swift */; };
		49FE57212ABB9228005B79EF /* UserAccoutModel.swift in Sources */ = {isa = PBXBuildFile; fileRef = 49FE57202ABB9228005B79EF /* UserAccoutModel.swift */; };
/* End PBXBuildFile section */

/* Begin PBXCopyFilesBuildPhase section */
		49AFDD372ABB83D200E742BA /* Embed Frameworks */ = {
			isa = PBXCopyFilesBuildPhase;
			buildActionMask = 2147483647;
			dstPath = "";
			dstSubfolderSpec = 10;
			files = (
			);
			name = "Embed Frameworks";
			runOnlyForDeploymentPostprocessing = 0;
		};
/* End PBXCopyFilesBuildPhase section */

/* Begin PBXFileReference section */
		490A32EF2ACCB464001BA401 /* SignInWithApple.swift */ = {isa = PBXFileReference; lastKnownFileType = sourcecode.swift; path = SignInWithApple.swift; sourceTree = "<group>"; };
		4910E9782AD159BB00F2CA07 /* ChatLogViewModel.swift */ = {isa = PBXFileReference; lastKnownFileType = sourcecode.swift; path = ChatLogViewModel.swift; sourceTree = "<group>"; };
		492214742AD05774005F2462 /* ErrorLogs.swift */ = {isa = PBXFileReference; lastKnownFileType = sourcecode.swift; path = ErrorLogs.swift; sourceTree = "<group>"; };
		49328AED2AADDE050019210F /* Spilka.entitlements */ = {isa = PBXFileReference; lastKnownFileType = text.plist.entitlements; path = Spilka.entitlements; sourceTree = "<group>"; };
		49328AF12AADE4AB0019210F /* CountryCode.swift */ = {isa = PBXFileReference; lastKnownFileType = sourcecode.swift; path = CountryCode.swift; sourceTree = "<group>"; };
		4941B0AF2AD356A3009C0613 /* PrivateKeysImportViewModel.swift */ = {isa = PBXFileReference; lastKnownFileType = sourcecode.swift; path = PrivateKeysImportViewModel.swift; sourceTree = "<group>"; };
		495334582AAF6D6700135E6C /* GoogleService-Info.plist */ = {isa = PBXFileReference; fileEncoding = 4; lastKnownFileType = text.plist.xml; path = "GoogleService-Info.plist"; sourceTree = "<group>"; };
		4973306E2ACEBF8200807B93 /* TestData.swift */ = {isa = PBXFileReference; lastKnownFileType = sourcecode.swift; path = TestData.swift; sourceTree = "<group>"; };
		497330702ACEDFF900807B93 /* ChatModel.swift */ = {isa = PBXFileReference; lastKnownFileType = sourcecode.swift; path = ChatModel.swift; sourceTree = "<group>"; };
		497330722ACEE02700807B93 /* MessageModel.swift */ = {isa = PBXFileReference; lastKnownFileType = sourcecode.swift; path = MessageModel.swift; sourceTree = "<group>"; };
		497330742ACF08AA00807B93 /* ChatsListViewModel.swift */ = {isa = PBXFileReference; lastKnownFileType = sourcecode.swift; path = ChatsListViewModel.swift; sourceTree = "<group>"; };
		497330762ACF348500807B93 /* Date+String.swift */ = {isa = PBXFileReference; lastKnownFileType = sourcecode.swift; path = "Date+String.swift"; sourceTree = "<group>"; };
		498393DB2ACC2B7700DA9407 /* ImportKeyView.swift */ = {isa = PBXFileReference; lastKnownFileType = sourcecode.swift; path = ImportKeyView.swift; sourceTree = "<group>"; };
		499EE09B2AAEFBCB00103033 /* CountryNumbers.json */ = {isa = PBXFileReference; fileEncoding = 4; lastKnownFileType = text.json; path = CountryNumbers.json; sourceTree = "<group>"; };
		499EE09C2AAEFBCB00103033 /* unusedCountryNumbers.json */ = {isa = PBXFileReference; fileEncoding = 4; lastKnownFileType = text.json; path = unusedCountryNumbers.json; sourceTree = "<group>"; };
		499EE0A02AAEFC0300103033 /* Bundle+Decoder.swift */ = {isa = PBXFileReference; fileEncoding = 4; lastKnownFileType = sourcecode.swift; path = "Bundle+Decoder.swift"; sourceTree = "<group>"; };
		49A051AB2AD065B500870D0E /* ChatLogView.swift */ = {isa = PBXFileReference; lastKnownFileType = sourcecode.swift; path = ChatLogView.swift; sourceTree = "<group>"; };
		49A89D222ABCB6AA00E56B15 /* TestingView.swift */ = {isa = PBXFileReference; lastKnownFileType = sourcecode.swift; path = TestingView.swift; sourceTree = "<group>"; };
		49A89D242ABCBF7800E56B15 /* MainViewModel.swift */ = {isa = PBXFileReference; lastKnownFileType = sourcecode.swift; path = MainViewModel.swift; sourceTree = "<group>"; };
		49B2ED162ACAD1DB00B04180 /* SaveKeyView.swift */ = {isa = PBXFileReference; lastKnownFileType = sourcecode.swift; path = SaveKeyView.swift; sourceTree = "<group>"; };
		49B2ED182ACAF39A00B04180 /* KeychainSwiftDistrib.swift */ = {isa = PBXFileReference; fileEncoding = 4; lastKnownFileType = sourcecode.swift; path = KeychainSwiftDistrib.swift; sourceTree = "<group>"; };
		49B40E452AC1C062007F6992 /* Localizable.xcstrings */ = {isa = PBXFileReference; lastKnownFileType = text.json.xcstrings; path = Localizable.xcstrings; sourceTree = "<group>"; };
		49B4527C2ABB5FC100AA2A13 /* ProfileCreationViewModel.swift */ = {isa = PBXFileReference; lastKnownFileType = sourcecode.swift; path = ProfileCreationViewModel.swift; sourceTree = "<group>"; };
		49B4527E2ABB60EC00AA2A13 /* CryptoKeys.swift */ = {isa = PBXFileReference; lastKnownFileType = sourcecode.swift; path = CryptoKeys.swift; sourceTree = "<group>"; };
		49C37A092AADD32A00C4B769 /* Spilka.app */ = {isa = PBXFileReference; explicitFileType = wrapper.application; includeInIndex = 0; path = Spilka.app; sourceTree = BUILT_PRODUCTS_DIR; };
		49C37A0C2AADD32A00C4B769 /* SpilkaApp.swift */ = {isa = PBXFileReference; lastKnownFileType = sourcecode.swift; path = SpilkaApp.swift; sourceTree = "<group>"; };
		49C37A102AADD32C00C4B769 /* Assets.xcassets */ = {isa = PBXFileReference; lastKnownFileType = folder.assetcatalog; path = Assets.xcassets; sourceTree = "<group>"; };
		49C37A132AADD32C00C4B769 /* Preview Assets.xcassets */ = {isa = PBXFileReference; lastKnownFileType = folder.assetcatalog; path = "Preview Assets.xcassets"; sourceTree = "<group>"; };
		49C37A1C2AADD39D00C4B769 /* SignInScreenView.swift */ = {isa = PBXFileReference; fileEncoding = 4; lastKnownFileType = sourcecode.swift; path = SignInScreenView.swift; sourceTree = "<group>"; };
		49C37A1D2AADD39D00C4B769 /* WelcomeScreenView.swift */ = {isa = PBXFileReference; fileEncoding = 4; lastKnownFileType = sourcecode.swift; path = WelcomeScreenView.swift; sourceTree = "<group>"; };
		49C37A1E2AADD39D00C4B769 /* MainView.swift */ = {isa = PBXFileReference; fileEncoding = 4; lastKnownFileType = sourcecode.swift; path = MainView.swift; sourceTree = "<group>"; };
		49CD124A2AB8CCF700215EC6 /* SignInViewModel.swift */ = {isa = PBXFileReference; lastKnownFileType = sourcecode.swift; path = SignInViewModel.swift; sourceTree = "<group>"; };
		49CD124C2AB8D64400215EC6 /* Info.plist */ = {isa = PBXFileReference; lastKnownFileType = text.plist; path = Info.plist; sourceTree = "<group>"; };
		49F1CF742AB9F87300C02569 /* EnterVerificationCodeView.swift */ = {isa = PBXFileReference; lastKnownFileType = sourcecode.swift; path = EnterVerificationCodeView.swift; sourceTree = "<group>"; };
		49F1CF782ABA2FBF00C02569 /* ProfileCreationView.swift */ = {isa = PBXFileReference; lastKnownFileType = sourcecode.swift; path = ProfileCreationView.swift; sourceTree = "<group>"; };
		49F4F9F52ACEA3F7002ABE33 /* ChatsListView.swift */ = {isa = PBXFileReference; lastKnownFileType = sourcecode.swift; path = ChatsListView.swift; sourceTree = "<group>"; };
		49FE57202ABB9228005B79EF /* UserAccoutModel.swift */ = {isa = PBXFileReference; lastKnownFileType = sourcecode.swift; path = UserAccoutModel.swift; sourceTree = "<group>"; };
/* End PBXFileReference section */

/* Begin PBXFrameworksBuildPhase section */
		49C37A062AADD32900C4B769 /* Frameworks */ = {
			isa = PBXFrameworksBuildPhase;
			buildActionMask = 2147483647;
			files = (
				49D767032ABA575E00EB5AAE /* FirebaseAuth in Frameworks */,
				492A927A2AD1ED9B00D50A74 /* CryptoSwift in Frameworks */,
				49DB00D22ACCF46E0060FF9A /* GoogleSignInSwift in Frameworks */,
				49A89D1F2ABCB5F000E56B15 /* FirebaseFirestore in Frameworks */,
				4959D3DD2ACF68B900C9471B /* FirebaseStorage in Frameworks */,
				49A89D2B2ABCD83600E56B15 /* FirebaseFirestoreSwift in Frameworks */,
				49DB00D02ACCF46E0060FF9A /* GoogleSignIn in Frameworks */,
			);
			runOnlyForDeploymentPostprocessing = 0;
		};
/* End PBXFrameworksBuildPhase section */

/* Begin PBXGroup section */
		49328AF02AADE49A0019210F /* Models */ = {
			isa = PBXGroup;
			children = (
				492214742AD05774005F2462 /* ErrorLogs.swift */,
				49B4527B2ABB5CA500AA2A13 /* PhoneNumbers */,
				49328AF12AADE4AB0019210F /* CountryCode.swift */,
				49B4527E2ABB60EC00AA2A13 /* CryptoKeys.swift */,
				49FE57202ABB9228005B79EF /* UserAccoutModel.swift */,
				497330702ACEDFF900807B93 /* ChatModel.swift */,
				497330722ACEE02700807B93 /* MessageModel.swift */,
			);
			path = Models;
			sourceTree = "<group>";
		};
		4959D3DB2ACF5FDC00C9471B /* Login */ = {
			isa = PBXGroup;
			children = (
				49CD124A2AB8CCF700215EC6 /* SignInViewModel.swift */,
				49B4527C2ABB5FC100AA2A13 /* ProfileCreationViewModel.swift */,
				4941B0AF2AD356A3009C0613 /* PrivateKeysImportViewModel.swift */,
			);
			path = Login;
			sourceTree = "<group>";
		};
		499EE09F2AAEFBF300103033 /* Extentions */ = {
			isa = PBXGroup;
			children = (
				499EE0A02AAEFC0300103033 /* Bundle+Decoder.swift */,
				49B2ED182ACAF39A00B04180 /* KeychainSwiftDistrib.swift */,
				490A32EF2ACCB464001BA401 /* SignInWithApple.swift */,
				497330762ACF348500807B93 /* Date+String.swift */,
			);
			path = Extentions;
			sourceTree = "<group>";
		};
		49A89D1D2ABCB5F000E56B15 /* Frameworks */ = {
			isa = PBXGroup;
			children = (
			);
			name = Frameworks;
			sourceTree = "<group>";
		};
		49B4527B2ABB5CA500AA2A13 /* PhoneNumbers */ = {
			isa = PBXGroup;
			children = (
				499EE09B2AAEFBCB00103033 /* CountryNumbers.json */,
				499EE09C2AAEFBCB00103033 /* unusedCountryNumbers.json */,
			);
			path = PhoneNumbers;
			sourceTree = "<group>";
		};
		49C37A002AADD32900C4B769 = {
			isa = PBXGroup;
			children = (
				49C37A0B2AADD32A00C4B769 /* Spilka */,
				49C37A0A2AADD32A00C4B769 /* Products */,
				49A89D1D2ABCB5F000E56B15 /* Frameworks */,
			);
			sourceTree = "<group>";
		};
		49C37A0A2AADD32A00C4B769 /* Products */ = {
			isa = PBXGroup;
			children = (
				49C37A092AADD32A00C4B769 /* Spilka.app */,
			);
			name = Products;
			sourceTree = "<group>";
		};
		49C37A0B2AADD32A00C4B769 /* Spilka */ = {
			isa = PBXGroup;
			children = (
				49CD124C2AB8D64400215EC6 /* Info.plist */,
				495334582AAF6D6700135E6C /* GoogleService-Info.plist */,
				499EE09F2AAEFBF300103033 /* Extentions */,
				49328AF02AADE49A0019210F /* Models */,
				49CD12492AB8CCDC00215EC6 /* ViewModels */,
				49C37A1A2AADD39D00C4B769 /* Views */,
				49CD12482AB8C91C00215EC6 /* Other */,
				49C37A0C2AADD32A00C4B769 /* SpilkaApp.swift */,
			);
			path = Spilka;
			sourceTree = "<group>";
		};
		49C37A122AADD32C00C4B769 /* Preview Content */ = {
			isa = PBXGroup;
			children = (
				49C37A132AADD32C00C4B769 /* Preview Assets.xcassets */,
			);
			path = "Preview Content";
			sourceTree = "<group>";
		};
		49C37A1A2AADD39D00C4B769 /* Views */ = {
			isa = PBXGroup;
			children = (
				49F1CF732AB9F84A00C02569 /* Login */,
				49C37A1E2AADD39D00C4B769 /* MainView.swift */,
				49F4F9F52ACEA3F7002ABE33 /* ChatsListView.swift */,
				49A051AB2AD065B500870D0E /* ChatLogView.swift */,
			);
			path = Views;
			sourceTree = "<group>";
		};
		49CD12482AB8C91C00215EC6 /* Other */ = {
			isa = PBXGroup;
			children = (
				49B40E452AC1C062007F6992 /* Localizable.xcstrings */,
				49C37A102AADD32C00C4B769 /* Assets.xcassets */,
				49328AED2AADDE050019210F /* Spilka.entitlements */,
				4973306E2ACEBF8200807B93 /* TestData.swift */,
				49A89D222ABCB6AA00E56B15 /* TestingView.swift */,
				49C37A122AADD32C00C4B769 /* Preview Content */,
			);
			path = Other;
			sourceTree = "<group>";
		};
		49CD12492AB8CCDC00215EC6 /* ViewModels */ = {
			isa = PBXGroup;
			children = (
				4959D3DB2ACF5FDC00C9471B /* Login */,
				49A89D242ABCBF7800E56B15 /* MainViewModel.swift */,
				497330742ACF08AA00807B93 /* ChatsListViewModel.swift */,
				4910E9782AD159BB00F2CA07 /* ChatLogViewModel.swift */,
			);
			path = ViewModels;
			sourceTree = "<group>";
		};
		49F1CF732AB9F84A00C02569 /* Login */ = {
			isa = PBXGroup;
			children = (
				49C37A1D2AADD39D00C4B769 /* WelcomeScreenView.swift */,
				49C37A1C2AADD39D00C4B769 /* SignInScreenView.swift */,
				49F1CF742AB9F87300C02569 /* EnterVerificationCodeView.swift */,
				49F1CF782ABA2FBF00C02569 /* ProfileCreationView.swift */,
				49B2ED162ACAD1DB00B04180 /* SaveKeyView.swift */,
				498393DB2ACC2B7700DA9407 /* ImportKeyView.swift */,
			);
			path = Login;
			sourceTree = "<group>";
		};
/* End PBXGroup section */

/* Begin PBXNativeTarget section */
		49C37A082AADD32900C4B769 /* Spilka */ = {
			isa = PBXNativeTarget;
			buildConfigurationList = 49C37A172AADD32C00C4B769 /* Build configuration list for PBXNativeTarget "Spilka" */;
			buildPhases = (
				49C37A052AADD32900C4B769 /* Sources */,
				49C37A062AADD32900C4B769 /* Frameworks */,
				49C37A072AADD32900C4B769 /* Resources */,
				49AFDD372ABB83D200E742BA /* Embed Frameworks */,
				495530BB2AC1974800A20FF0 /* SwiftLint */,
			);
			buildRules = (
			);
			dependencies = (
			);
			name = Spilka;
			packageProductDependencies = (
				49D767022ABA575E00EB5AAE /* FirebaseAuth */,
				49A89D1E2ABCB5F000E56B15 /* FirebaseFirestore */,
				49A89D2A2ABCD83600E56B15 /* FirebaseFirestoreSwift */,
				49DB00CF2ACCF46E0060FF9A /* GoogleSignIn */,
				49DB00D12ACCF46E0060FF9A /* GoogleSignInSwift */,
				4959D3DC2ACF68B900C9471B /* FirebaseStorage */,
				492A92792AD1ED9B00D50A74 /* CryptoSwift */,
			);
			productName = Spilka;
			productReference = 49C37A092AADD32A00C4B769 /* Spilka.app */;
			productType = "com.apple.product-type.application";
		};
/* End PBXNativeTarget section */

/* Begin PBXProject section */
		49C37A012AADD32900C4B769 /* Project object */ = {
			isa = PBXProject;
			attributes = {
				BuildIndependentTargetsInParallel = 1;
				LastSwiftUpdateCheck = 1500;
				LastUpgradeCheck = 1500;
				TargetAttributes = {
					49C37A082AADD32900C4B769 = {
						CreatedOnToolsVersion = 15.0;
					};
				};
			};
			buildConfigurationList = 49C37A042AADD32900C4B769 /* Build configuration list for PBXProject "Spilka" */;
			compatibilityVersion = "Xcode 14.0";
			developmentRegion = en;
			hasScannedForEncodings = 0;
			knownRegions = (
				en,
				Base,
				uk,
				pl,
			);
			mainGroup = 49C37A002AADD32900C4B769;
			packageReferences = (
				49D766F52ABA575E00EB5AAE /* XCRemoteSwiftPackageReference "firebase-ios-sdk" */,
				49DB00CE2ACCF46E0060FF9A /* XCRemoteSwiftPackageReference "GoogleSignIn-iOS" */,
				492A92782AD1ED9B00D50A74 /* XCRemoteSwiftPackageReference "CryptoSwift" */,
			);
			productRefGroup = 49C37A0A2AADD32A00C4B769 /* Products */;
			projectDirPath = "";
			projectRoot = "";
			targets = (
				49C37A082AADD32900C4B769 /* Spilka */,
			);
		};
/* End PBXProject section */

/* Begin PBXResourcesBuildPhase section */
		49C37A072AADD32900C4B769 /* Resources */ = {
			isa = PBXResourcesBuildPhase;
			buildActionMask = 2147483647;
			files = (
				49C37A142AADD32C00C4B769 /* Preview Assets.xcassets in Resources */,
				49C37A112AADD32C00C4B769 /* Assets.xcassets in Resources */,
				499EE09D2AAEFBCB00103033 /* CountryNumbers.json in Resources */,
				499EE09E2AAEFBCB00103033 /* unusedCountryNumbers.json in Resources */,
				49B40E462AC1C062007F6992 /* Localizable.xcstrings in Resources */,
				495334592AAF6D6700135E6C /* GoogleService-Info.plist in Resources */,
			);
			runOnlyForDeploymentPostprocessing = 0;
		};
/* End PBXResourcesBuildPhase section */

/* Begin PBXShellScriptBuildPhase section */
		495530BB2AC1974800A20FF0 /* SwiftLint */ = {
			isa = PBXShellScriptBuildPhase;
			alwaysOutOfDate = 1;
			buildActionMask = 2147483647;
			files = (
			);
			inputFileListPaths = (
			);
			inputPaths = (
			);
			name = SwiftLint;
			outputFileListPaths = (
			);
			outputPaths = (
			);
			runOnlyForDeploymentPostprocessing = 0;
			shellPath = /bin/sh;
			shellScript = "if [[ \"$(uname -m)\" == arm64 ]]; then\n    export PATH=\"/opt/homebrew/bin:$PATH\"\nfi\n\nif which swiftlint > /dev/null; then\n  swiftlint\nelse\n  echo \"warning: SwiftLint not installed, download from https://github.com/realm/SwiftLint\"\nfi\n";
		};
/* End PBXShellScriptBuildPhase section */

/* Begin PBXSourcesBuildPhase section */
		49C37A052AADD32900C4B769 /* Sources */ = {
			isa = PBXSourcesBuildPhase;
			buildActionMask = 2147483647;
			files = (
				49C37A202AADD39D00C4B769 /* SignInScreenView.swift in Sources */,
				49F1CF752AB9F87300C02569 /* EnterVerificationCodeView.swift in Sources */,
				49A89D252ABCBF7800E56B15 /* MainViewModel.swift in Sources */,
				4973306F2ACEBF8200807B93 /* TestData.swift in Sources */,
				49F4F9F62ACEA3F7002ABE33 /* ChatsListView.swift in Sources */,
				49C37A222AADD39D00C4B769 /* MainView.swift in Sources */,
				49B4527F2ABB60EC00AA2A13 /* CryptoKeys.swift in Sources */,
				49F1CF792ABA2FBF00C02569 /* ProfileCreationView.swift in Sources */,
				4941B0B02AD356A3009C0613 /* PrivateKeysImportViewModel.swift in Sources */,
				49328AF22AADE4AB0019210F /* CountryCode.swift in Sources */,
				49B4527D2ABB5FC100AA2A13 /* ProfileCreationViewModel.swift in Sources */,
				49CD124B2AB8CCF700215EC6 /* SignInViewModel.swift in Sources */,
				49B2ED192ACAF39A00B04180 /* KeychainSwiftDistrib.swift in Sources */,
				49C37A212AADD39D00C4B769 /* WelcomeScreenView.swift in Sources */,
				49A051AC2AD065B500870D0E /* ChatLogView.swift in Sources */,
				49FE57212ABB9228005B79EF /* UserAccoutModel.swift in Sources */,
				499EE0A12AAEFC0300103033 /* Bundle+Decoder.swift in Sources */,
				490A32F02ACCB464001BA401 /* SignInWithApple.swift in Sources */,
				49A89D232ABCB6AA00E56B15 /* TestingView.swift in Sources */,
				497330712ACEDFF900807B93 /* ChatModel.swift in Sources */,
				492214752AD05775005F2462 /* ErrorLogs.swift in Sources */,
				497330752ACF08AB00807B93 /* ChatsListViewModel.swift in Sources */,
				49C37A0D2AADD32A00C4B769 /* SpilkaApp.swift in Sources */,
				497330772ACF348500807B93 /* Date+String.swift in Sources */,
				4910E9792AD159BB00F2CA07 /* ChatLogViewModel.swift in Sources */,
				497330732ACEE02700807B93 /* MessageModel.swift in Sources */,
				49B2ED172ACAD1DB00B04180 /* SaveKeyView.swift in Sources */,
				498393DC2ACC2B7700DA9407 /* ImportKeyView.swift in Sources */,
			);
			runOnlyForDeploymentPostprocessing = 0;
		};
/* End PBXSourcesBuildPhase section */

/* Begin XCBuildConfiguration section */
		49C37A152AADD32C00C4B769 /* Debug */ = {
			isa = XCBuildConfiguration;
			buildSettings = {
				ALWAYS_SEARCH_USER_PATHS = NO;
				ASSETCATALOG_COMPILER_GENERATE_SWIFT_ASSET_SYMBOL_EXTENSIONS = YES;
				CLANG_ANALYZER_LOCALIZABILITY_NONLOCALIZED = YES;
				CLANG_ANALYZER_NONNULL = YES;
				CLANG_ANALYZER_NUMBER_OBJECT_CONVERSION = YES_AGGRESSIVE;
				CLANG_CXX_LANGUAGE_STANDARD = "gnu++20";
				CLANG_ENABLE_MODULES = YES;
				CLANG_ENABLE_OBJC_ARC = YES;
				CLANG_ENABLE_OBJC_WEAK = YES;
				CLANG_WARN_BLOCK_CAPTURE_AUTORELEASING = YES;
				CLANG_WARN_BOOL_CONVERSION = YES;
				CLANG_WARN_COMMA = YES;
				CLANG_WARN_CONSTANT_CONVERSION = YES;
				CLANG_WARN_DEPRECATED_OBJC_IMPLEMENTATIONS = YES;
				CLANG_WARN_DIRECT_OBJC_ISA_USAGE = YES_ERROR;
				CLANG_WARN_DOCUMENTATION_COMMENTS = YES;
				CLANG_WARN_EMPTY_BODY = YES;
				CLANG_WARN_ENUM_CONVERSION = YES;
				CLANG_WARN_INFINITE_RECURSION = YES;
				CLANG_WARN_INT_CONVERSION = YES;
				CLANG_WARN_NON_LITERAL_NULL_CONVERSION = YES;
				CLANG_WARN_OBJC_IMPLICIT_RETAIN_SELF = YES;
				CLANG_WARN_OBJC_LITERAL_CONVERSION = YES;
				CLANG_WARN_OBJC_ROOT_CLASS = YES_ERROR;
				CLANG_WARN_QUOTED_INCLUDE_IN_FRAMEWORK_HEADER = YES;
				CLANG_WARN_RANGE_LOOP_ANALYSIS = YES;
				CLANG_WARN_STRICT_PROTOTYPES = YES;
				CLANG_WARN_SUSPICIOUS_MOVE = YES;
				CLANG_WARN_UNGUARDED_AVAILABILITY = YES_AGGRESSIVE;
				CLANG_WARN_UNREACHABLE_CODE = YES;
				CLANG_WARN__DUPLICATE_METHOD_MATCH = YES;
				COPY_PHASE_STRIP = NO;
				DEBUG_INFORMATION_FORMAT = dwarf;
				ENABLE_STRICT_OBJC_MSGSEND = YES;
				ENABLE_TESTABILITY = YES;
				ENABLE_USER_SCRIPT_SANDBOXING = YES;
				GCC_C_LANGUAGE_STANDARD = gnu17;
				GCC_DYNAMIC_NO_PIC = NO;
				GCC_NO_COMMON_BLOCKS = YES;
				GCC_OPTIMIZATION_LEVEL = 0;
				GCC_PREPROCESSOR_DEFINITIONS = (
					"DEBUG=1",
					"$(inherited)",
				);
				GCC_WARN_64_TO_32_BIT_CONVERSION = YES;
				GCC_WARN_ABOUT_RETURN_TYPE = YES_ERROR;
				GCC_WARN_UNDECLARED_SELECTOR = YES;
				GCC_WARN_UNINITIALIZED_AUTOS = YES_AGGRESSIVE;
				GCC_WARN_UNUSED_FUNCTION = YES;
				GCC_WARN_UNUSED_VARIABLE = YES;
				IPHONEOS_DEPLOYMENT_TARGET = 17.0;
				LOCALIZATION_PREFERS_STRING_CATALOGS = YES;
				MTL_ENABLE_DEBUG_INFO = INCLUDE_SOURCE;
				MTL_FAST_MATH = YES;
				ONLY_ACTIVE_ARCH = YES;
				SDKROOT = iphoneos;
				SWIFT_ACTIVE_COMPILATION_CONDITIONS = "DEBUG $(inherited)";
				SWIFT_OPTIMIZATION_LEVEL = "-Onone";
			};
			name = Debug;
		};
		49C37A162AADD32C00C4B769 /* Release */ = {
			isa = XCBuildConfiguration;
			buildSettings = {
				ALWAYS_SEARCH_USER_PATHS = NO;
				ASSETCATALOG_COMPILER_GENERATE_SWIFT_ASSET_SYMBOL_EXTENSIONS = YES;
				CLANG_ANALYZER_LOCALIZABILITY_NONLOCALIZED = YES;
				CLANG_ANALYZER_NONNULL = YES;
				CLANG_ANALYZER_NUMBER_OBJECT_CONVERSION = YES_AGGRESSIVE;
				CLANG_CXX_LANGUAGE_STANDARD = "gnu++20";
				CLANG_ENABLE_MODULES = YES;
				CLANG_ENABLE_OBJC_ARC = YES;
				CLANG_ENABLE_OBJC_WEAK = YES;
				CLANG_WARN_BLOCK_CAPTURE_AUTORELEASING = YES;
				CLANG_WARN_BOOL_CONVERSION = YES;
				CLANG_WARN_COMMA = YES;
				CLANG_WARN_CONSTANT_CONVERSION = YES;
				CLANG_WARN_DEPRECATED_OBJC_IMPLEMENTATIONS = YES;
				CLANG_WARN_DIRECT_OBJC_ISA_USAGE = YES_ERROR;
				CLANG_WARN_DOCUMENTATION_COMMENTS = YES;
				CLANG_WARN_EMPTY_BODY = YES;
				CLANG_WARN_ENUM_CONVERSION = YES;
				CLANG_WARN_INFINITE_RECURSION = YES;
				CLANG_WARN_INT_CONVERSION = YES;
				CLANG_WARN_NON_LITERAL_NULL_CONVERSION = YES;
				CLANG_WARN_OBJC_IMPLICIT_RETAIN_SELF = YES;
				CLANG_WARN_OBJC_LITERAL_CONVERSION = YES;
				CLANG_WARN_OBJC_ROOT_CLASS = YES_ERROR;
				CLANG_WARN_QUOTED_INCLUDE_IN_FRAMEWORK_HEADER = YES;
				CLANG_WARN_RANGE_LOOP_ANALYSIS = YES;
				CLANG_WARN_STRICT_PROTOTYPES = YES;
				CLANG_WARN_SUSPICIOUS_MOVE = YES;
				CLANG_WARN_UNGUARDED_AVAILABILITY = YES_AGGRESSIVE;
				CLANG_WARN_UNREACHABLE_CODE = YES;
				CLANG_WARN__DUPLICATE_METHOD_MATCH = YES;
				COPY_PHASE_STRIP = NO;
				DEBUG_INFORMATION_FORMAT = "dwarf-with-dsym";
				ENABLE_NS_ASSERTIONS = NO;
				ENABLE_STRICT_OBJC_MSGSEND = YES;
				ENABLE_USER_SCRIPT_SANDBOXING = YES;
				GCC_C_LANGUAGE_STANDARD = gnu17;
				GCC_NO_COMMON_BLOCKS = YES;
				GCC_WARN_64_TO_32_BIT_CONVERSION = YES;
				GCC_WARN_ABOUT_RETURN_TYPE = YES_ERROR;
				GCC_WARN_UNDECLARED_SELECTOR = YES;
				GCC_WARN_UNINITIALIZED_AUTOS = YES_AGGRESSIVE;
				GCC_WARN_UNUSED_FUNCTION = YES;
				GCC_WARN_UNUSED_VARIABLE = YES;
				IPHONEOS_DEPLOYMENT_TARGET = 17.0;
				LOCALIZATION_PREFERS_STRING_CATALOGS = YES;
				MTL_ENABLE_DEBUG_INFO = NO;
				MTL_FAST_MATH = YES;
				SDKROOT = iphoneos;
				SWIFT_COMPILATION_MODE = wholemodule;
				VALIDATE_PRODUCT = YES;
			};
			name = Release;
		};
		49C37A182AADD32C00C4B769 /* Debug */ = {
			isa = XCBuildConfiguration;
			buildSettings = {
				ASSETCATALOG_COMPILER_APPICON_NAME = AppIcon;
				ASSETCATALOG_COMPILER_GLOBAL_ACCENT_COLOR_NAME = AccentColor;
				CODE_SIGN_ENTITLEMENTS = Spilka/Other/Spilka.entitlements;
				CODE_SIGN_STYLE = Automatic;
				CURRENT_PROJECT_VERSION = 2;
				DEVELOPMENT_ASSET_PATHS = "\"Spilka/Other/Preview Content\"";
				DEVELOPMENT_TEAM = G4PV26QJD2;
				ENABLE_PREVIEWS = YES;
				ENABLE_USER_SCRIPT_SANDBOXING = NO;
				GENERATE_INFOPLIST_FILE = YES;
				INFOPLIST_FILE = Spilka/Info.plist;
				INFOPLIST_KEY_CFBundleDisplayName = Spilka;
				INFOPLIST_KEY_LSApplicationCategoryType = "public.app-category.social-networking";
				INFOPLIST_KEY_UIApplicationSceneManifest_Generation = YES;
				INFOPLIST_KEY_UIApplicationSupportsIndirectInputEvents = YES;
				INFOPLIST_KEY_UILaunchScreen_Generation = YES;
				INFOPLIST_KEY_UISupportedInterfaceOrientations_iPad = "UIInterfaceOrientationPortrait UIInterfaceOrientationPortraitUpsideDown UIInterfaceOrientationLandscapeLeft UIInterfaceOrientationLandscapeRight";
				INFOPLIST_KEY_UISupportedInterfaceOrientations_iPhone = "UIInterfaceOrientationPortrait UIInterfaceOrientationLandscapeLeft UIInterfaceOrientationLandscapeRight";
				LD_RUNPATH_SEARCH_PATHS = (
					"$(inherited)",
					"@executable_path/Frameworks",
				);
				MARKETING_VERSION = 0.2;
				"OTHER_LDFLAGS[arch=*]" = (
					"-Xlinker",
					"-no_warn_duplicate_libraries",
				);
				PRODUCT_BUNDLE_IDENTIFIER = com.hruzinov.Spilka;
				PRODUCT_NAME = "$(TARGET_NAME)";
				SWIFT_EMIT_LOC_STRINGS = YES;
				SWIFT_VERSION = 5.0;
				TARGETED_DEVICE_FAMILY = "1,2";
			};
			name = Debug;
		};
		49C37A192AADD32C00C4B769 /* Release */ = {
			isa = XCBuildConfiguration;
			buildSettings = {
				ASSETCATALOG_COMPILER_APPICON_NAME = AppIcon;
				ASSETCATALOG_COMPILER_GLOBAL_ACCENT_COLOR_NAME = AccentColor;
				CODE_SIGN_ENTITLEMENTS = Spilka/Other/Spilka.entitlements;
				CODE_SIGN_STYLE = Automatic;
				CURRENT_PROJECT_VERSION = 2;
				DEVELOPMENT_ASSET_PATHS = "\"Spilka/Other/Preview Content\"";
				DEVELOPMENT_TEAM = G4PV26QJD2;
				ENABLE_PREVIEWS = YES;
				ENABLE_USER_SCRIPT_SANDBOXING = NO;
				GENERATE_INFOPLIST_FILE = YES;
				INFOPLIST_FILE = Spilka/Info.plist;
				INFOPLIST_KEY_CFBundleDisplayName = Spilka;
				INFOPLIST_KEY_LSApplicationCategoryType = "public.app-category.social-networking";
				INFOPLIST_KEY_UIApplicationSceneManifest_Generation = YES;
				INFOPLIST_KEY_UIApplicationSupportsIndirectInputEvents = YES;
				INFOPLIST_KEY_UILaunchScreen_Generation = YES;
				INFOPLIST_KEY_UISupportedInterfaceOrientations_iPad = "UIInterfaceOrientationPortrait UIInterfaceOrientationPortraitUpsideDown UIInterfaceOrientationLandscapeLeft UIInterfaceOrientationLandscapeRight";
				INFOPLIST_KEY_UISupportedInterfaceOrientations_iPhone = "UIInterfaceOrientationPortrait UIInterfaceOrientationLandscapeLeft UIInterfaceOrientationLandscapeRight";
				LD_RUNPATH_SEARCH_PATHS = (
					"$(inherited)",
					"@executable_path/Frameworks",
				);
				MARKETING_VERSION = 0.2;
				PRODUCT_BUNDLE_IDENTIFIER = com.hruzinov.Spilka;
				PRODUCT_NAME = "$(TARGET_NAME)";
				SWIFT_EMIT_LOC_STRINGS = YES;
				SWIFT_VERSION = 5.0;
				TARGETED_DEVICE_FAMILY = "1,2";
			};
			name = Release;
		};
/* End XCBuildConfiguration section */

/* Begin XCConfigurationList section */
		49C37A042AADD32900C4B769 /* Build configuration list for PBXProject "Spilka" */ = {
			isa = XCConfigurationList;
			buildConfigurations = (
				49C37A152AADD32C00C4B769 /* Debug */,
				49C37A162AADD32C00C4B769 /* Release */,
			);
			defaultConfigurationIsVisible = 0;
			defaultConfigurationName = Release;
		};
		49C37A172AADD32C00C4B769 /* Build configuration list for PBXNativeTarget "Spilka" */ = {
			isa = XCConfigurationList;
			buildConfigurations = (
				49C37A182AADD32C00C4B769 /* Debug */,
				49C37A192AADD32C00C4B769 /* Release */,
			);
			defaultConfigurationIsVisible = 0;
			defaultConfigurationName = Release;
		};
/* End XCConfigurationList section */

/* Begin XCRemoteSwiftPackageReference section */
		492A92782AD1ED9B00D50A74 /* XCRemoteSwiftPackageReference "CryptoSwift" */ = {
			isa = XCRemoteSwiftPackageReference;
			repositoryURL = "https://github.com/krzyzanowskim/CryptoSwift";
			requirement = {
				kind = upToNextMajorVersion;
				minimumVersion = 1.8.0;
			};
		};
		49D766F52ABA575E00EB5AAE /* XCRemoteSwiftPackageReference "firebase-ios-sdk" */ = {
			isa = XCRemoteSwiftPackageReference;
			repositoryURL = "https://github.com/firebase/firebase-ios-sdk.git";
			requirement = {
				kind = upToNextMajorVersion;
				minimumVersion = 10.15.0;
			};
		};
		49DB00CE2ACCF46E0060FF9A /* XCRemoteSwiftPackageReference "GoogleSignIn-iOS" */ = {
			isa = XCRemoteSwiftPackageReference;
			repositoryURL = "https://github.com/google/GoogleSignIn-iOS";
			requirement = {
				kind = upToNextMajorVersion;
				minimumVersion = 7.0.0;
			};
		};
/* End XCRemoteSwiftPackageReference section */

/* Begin XCSwiftPackageProductDependency section */
		492A92792AD1ED9B00D50A74 /* CryptoSwift */ = {
			isa = XCSwiftPackageProductDependency;
			package = 492A92782AD1ED9B00D50A74 /* XCRemoteSwiftPackageReference "CryptoSwift" */;
			productName = CryptoSwift;
		};
		4959D3DC2ACF68B900C9471B /* FirebaseStorage */ = {
			isa = XCSwiftPackageProductDependency;
			package = 49D766F52ABA575E00EB5AAE /* XCRemoteSwiftPackageReference "firebase-ios-sdk" */;
			productName = FirebaseStorage;
		};
		49A89D1E2ABCB5F000E56B15 /* FirebaseFirestore */ = {
			isa = XCSwiftPackageProductDependency;
			package = 49D766F52ABA575E00EB5AAE /* XCRemoteSwiftPackageReference "firebase-ios-sdk" */;
			productName = FirebaseFirestore;
		};
		49A89D2A2ABCD83600E56B15 /* FirebaseFirestoreSwift */ = {
			isa = XCSwiftPackageProductDependency;
			package = 49D766F52ABA575E00EB5AAE /* XCRemoteSwiftPackageReference "firebase-ios-sdk" */;
			productName = FirebaseFirestoreSwift;
		};
		49D767022ABA575E00EB5AAE /* FirebaseAuth */ = {
			isa = XCSwiftPackageProductDependency;
			package = 49D766F52ABA575E00EB5AAE /* XCRemoteSwiftPackageReference "firebase-ios-sdk" */;
			productName = FirebaseAuth;
		};
		49DB00CF2ACCF46E0060FF9A /* GoogleSignIn */ = {
			isa = XCSwiftPackageProductDependency;
			package = 49DB00CE2ACCF46E0060FF9A /* XCRemoteSwiftPackageReference "GoogleSignIn-iOS" */;
			productName = GoogleSignIn;
		};
		49DB00D12ACCF46E0060FF9A /* GoogleSignInSwift */ = {
			isa = XCSwiftPackageProductDependency;
			package = 49DB00CE2ACCF46E0060FF9A /* XCRemoteSwiftPackageReference "GoogleSignIn-iOS" */;
			productName = GoogleSignInSwift;
		};
/* End XCSwiftPackageProductDependency section */
	};
	rootObject = 49C37A012AADD32900C4B769 /* Project object */;
}
